// !$*UTF8*$!
{
	archiveVersion = 1;
	classes = {
	};
	objectVersion = 46;
	objects = {

/* Begin PBXBuildFile section */
		086EB5EA1AC1A47D00ECAAB7 /* WMSliderViewController.m in Sources */ = {isa = PBXBuildFile; fileRef = 086EB5E91AC1A47D00ECAAB7 /* WMSliderViewController.m */; };
		086EB5ED1AC1A71200ECAAB7 /* WMSTSliderView.m in Sources */ = {isa = PBXBuildFile; fileRef = 086EB5EC1AC1A71200ECAAB7 /* WMSTSliderView.m */; };
		08B6D63C1AB485E60094C09D /* main.m in Sources */ = {isa = PBXBuildFile; fileRef = 08B6D63B1AB485E60094C09D /* main.m */; };
		08B6D63F1AB485E60094C09D /* AppDelegate.m in Sources */ = {isa = PBXBuildFile; fileRef = 08B6D63E1AB485E60094C09D /* AppDelegate.m */; };
		08B6D6421AB485E60094C09D /* WMCodeLibrary.xcdatamodeld in Sources */ = {isa = PBXBuildFile; fileRef = 08B6D6401AB485E60094C09D /* WMCodeLibrary.xcdatamodeld */; };
		08B6D64A1AB485E60094C09D /* Images.xcassets in Resources */ = {isa = PBXBuildFile; fileRef = 08B6D6491AB485E60094C09D /* Images.xcassets */; };
		08B6D64D1AB485E60094C09D /* LaunchScreen.xib in Resources */ = {isa = PBXBuildFile; fileRef = 08B6D64B1AB485E60094C09D /* LaunchScreen.xib */; };
		08B6D6591AB485E60094C09D /* WMCodeLibraryTests.m in Sources */ = {isa = PBXBuildFile; fileRef = 08B6D6581AB485E60094C09D /* WMCodeLibraryTests.m */; };
		08B6D6651AB4862D0094C09D /* WMMainTableViewController.m in Sources */ = {isa = PBXBuildFile; fileRef = 08B6D6641AB4862D0094C09D /* WMMainTableViewController.m */; };
		08B6D6691AB48B290094C09D /* WMCoreAnimationStudyVC.m in Sources */ = {isa = PBXBuildFile; fileRef = 08B6D6681AB48B290094C09D /* WMCoreAnimationStudyVC.m */; };
		08B6D66C1AB48B560094C09D /* WMDrawLayerVC.m in Sources */ = {isa = PBXBuildFile; fileRef = 08B6D66B1AB48B560094C09D /* WMDrawLayerVC.m */; };
		08B6D6721AB48BD60094C09D /* WMDrawLayerView.m in Sources */ = {isa = PBXBuildFile; fileRef = 08B6D6711AB48BD60094C09D /* WMDrawLayerView.m */; };
		08B6D6751AB49AB00094C09D /* Main.storyboard in Resources */ = {isa = PBXBuildFile; fileRef = 08B6D6731AB49AB00094C09D /* Main.storyboard */; };
		08B6D6781AB72F2F0094C09D /* WMCircleLayer.m in Sources */ = {isa = PBXBuildFile; fileRef = 08B6D6771AB72F2F0094C09D /* WMCircleLayer.m */; };
/* End PBXBuildFile section */

/* Begin PBXContainerItemProxy section */
		08B6D6531AB485E60094C09D /* PBXContainerItemProxy */ = {
			isa = PBXContainerItemProxy;
			containerPortal = 08B6D62E1AB485E60094C09D /* Project object */;
			proxyType = 1;
			remoteGlobalIDString = 08B6D6351AB485E60094C09D;
			remoteInfo = WMCodeLibrary;
		};
/* End PBXContainerItemProxy section */

/* Begin PBXFileReference section */
		086EB5E81AC1A47D00ECAAB7 /* WMSliderViewController.h */ = {isa = PBXFileReference; fileEncoding = 4; lastKnownFileType = sourcecode.c.h; path = WMSliderViewController.h; sourceTree = "<group>"; };
		086EB5E91AC1A47D00ECAAB7 /* WMSliderViewController.m */ = {isa = PBXFileReference; fileEncoding = 4; lastKnownFileType = sourcecode.c.objc; path = WMSliderViewController.m; sourceTree = "<group>"; };
		086EB5EB1AC1A71200ECAAB7 /* WMSTSliderView.h */ = {isa = PBXFileReference; fileEncoding = 4; lastKnownFileType = sourcecode.c.h; path = WMSTSliderView.h; sourceTree = "<group>"; };
		086EB5EC1AC1A71200ECAAB7 /* WMSTSliderView.m */ = {isa = PBXFileReference; fileEncoding = 4; lastKnownFileType = sourcecode.c.objc; path = WMSTSliderView.m; sourceTree = "<group>"; };
		08B6D6361AB485E60094C09D /* WMCodeLibrary.app */ = {isa = PBXFileReference; explicitFileType = wrapper.application; includeInIndex = 0; path = WMCodeLibrary.app; sourceTree = BUILT_PRODUCTS_DIR; };
		08B6D63A1AB485E60094C09D /* Info.plist */ = {isa = PBXFileReference; lastKnownFileType = text.plist.xml; path = Info.plist; sourceTree = "<group>"; };
		08B6D63B1AB485E60094C09D /* main.m */ = {isa = PBXFileReference; lastKnownFileType = sourcecode.c.objc; path = main.m; sourceTree = "<group>"; };
		08B6D63D1AB485E60094C09D /* AppDelegate.h */ = {isa = PBXFileReference; lastKnownFileType = sourcecode.c.h; path = AppDelegate.h; sourceTree = "<group>"; };
		08B6D63E1AB485E60094C09D /* AppDelegate.m */ = {isa = PBXFileReference; lastKnownFileType = sourcecode.c.objc; path = AppDelegate.m; sourceTree = "<group>"; };
		08B6D6411AB485E60094C09D /* WMCodeLibrary.xcdatamodel */ = {isa = PBXFileReference; lastKnownFileType = wrapper.xcdatamodel; path = WMCodeLibrary.xcdatamodel; sourceTree = "<group>"; };
		08B6D6491AB485E60094C09D /* Images.xcassets */ = {isa = PBXFileReference; lastKnownFileType = folder.assetcatalog; path = Images.xcassets; sourceTree = "<group>"; };
		08B6D64C1AB485E60094C09D /* Base */ = {isa = PBXFileReference; lastKnownFileType = file.xib; name = Base; path = Base.lproj/LaunchScreen.xib; sourceTree = "<group>"; };
		08B6D6521AB485E60094C09D /* WMCodeLibraryTests.xctest */ = {isa = PBXFileReference; explicitFileType = wrapper.cfbundle; includeInIndex = 0; path = WMCodeLibraryTests.xctest; sourceTree = BUILT_PRODUCTS_DIR; };
		08B6D6571AB485E60094C09D /* Info.plist */ = {isa = PBXFileReference; lastKnownFileType = text.plist.xml; path = Info.plist; sourceTree = "<group>"; };
		08B6D6581AB485E60094C09D /* WMCodeLibraryTests.m */ = {isa = PBXFileReference; lastKnownFileType = sourcecode.c.objc; path = WMCodeLibraryTests.m; sourceTree = "<group>"; };
		08B6D6631AB4862D0094C09D /* WMMainTableViewController.h */ = {isa = PBXFileReference; fileEncoding = 4; lastKnownFileType = sourcecode.c.h; path = WMMainTableViewController.h; sourceTree = "<group>"; };
		08B6D6641AB4862D0094C09D /* WMMainTableViewController.m */ = {isa = PBXFileReference; fileEncoding = 4; lastKnownFileType = sourcecode.c.objc; path = WMMainTableViewController.m; sourceTree = "<group>"; };
		08B6D6671AB48B290094C09D /* WMCoreAnimationStudyVC.h */ = {isa = PBXFileReference; fileEncoding = 4; lastKnownFileType = sourcecode.c.h; path = WMCoreAnimationStudyVC.h; sourceTree = "<group>"; };
		08B6D6681AB48B290094C09D /* WMCoreAnimationStudyVC.m */ = {isa = PBXFileReference; fileEncoding = 4; lastKnownFileType = sourcecode.c.objc; path = WMCoreAnimationStudyVC.m; sourceTree = "<group>"; };
		08B6D66A1AB48B560094C09D /* WMDrawLayerVC.h */ = {isa = PBXFileReference; fileEncoding = 4; lastKnownFileType = sourcecode.c.h; path = WMDrawLayerVC.h; sourceTree = "<group>"; };
		08B6D66B1AB48B560094C09D /* WMDrawLayerVC.m */ = {isa = PBXFileReference; fileEncoding = 4; lastKnownFileType = sourcecode.c.objc; path = WMDrawLayerVC.m; sourceTree = "<group>"; };
		08B6D6701AB48BD60094C09D /* WMDrawLayerView.h */ = {isa = PBXFileReference; fileEncoding = 4; lastKnownFileType = sourcecode.c.h; path = WMDrawLayerView.h; sourceTree = "<group>"; };
		08B6D6711AB48BD60094C09D /* WMDrawLayerView.m */ = {isa = PBXFileReference; fileEncoding = 4; lastKnownFileType = sourcecode.c.objc; path = WMDrawLayerView.m; sourceTree = "<group>"; };
		08B6D6741AB49AB00094C09D /* Base */ = {isa = PBXFileReference; lastKnownFileType = file.storyboard; name = Base; path = Base.lproj/Main.storyboard; sourceTree = "<group>"; };
		08B6D6761AB72F2F0094C09D /* WMCircleLayer.h */ = {isa = PBXFileReference; fileEncoding = 4; lastKnownFileType = sourcecode.c.h; path = WMCircleLayer.h; sourceTree = "<group>"; };
		08B6D6771AB72F2F0094C09D /* WMCircleLayer.m */ = {isa = PBXFileReference; fileEncoding = 4; lastKnownFileType = sourcecode.c.objc; path = WMCircleLayer.m; sourceTree = "<group>"; };
/* End PBXFileReference section */

/* Begin PBXFrameworksBuildPhase section */
		08B6D6331AB485E60094C09D /* Frameworks */ = {
			isa = PBXFrameworksBuildPhase;
			buildActionMask = 2147483647;
			files = (
			);
			runOnlyForDeploymentPostprocessing = 0;
		};
		08B6D64F1AB485E60094C09D /* Frameworks */ = {
			isa = PBXFrameworksBuildPhase;
			buildActionMask = 2147483647;
			files = (
			);
			runOnlyForDeploymentPostprocessing = 0;
		};
/* End PBXFrameworksBuildPhase section */

/* Begin PBXGroup section */
		086EB5E71AC1A45E00ECAAB7 /* Slider View */ = {
			isa = PBXGroup;
			children = (
				086EB5E81AC1A47D00ECAAB7 /* WMSliderViewController.h */,
				086EB5E91AC1A47D00ECAAB7 /* WMSliderViewController.m */,
				086EB5EB1AC1A71200ECAAB7 /* WMSTSliderView.h */,
				086EB5EC1AC1A71200ECAAB7 /* WMSTSliderView.m */,
			);
			name = "Slider View";
			sourceTree = "<group>";
		};
		08B6D62D1AB485E60094C09D = {
			isa = PBXGroup;
			children = (
				08B6D6381AB485E60094C09D /* WMCodeLibrary */,
				08B6D6551AB485E60094C09D /* WMCodeLibraryTests */,
				08B6D6371AB485E60094C09D /* Products */,
			);
			sourceTree = "<group>";
		};
		08B6D6371AB485E60094C09D /* Products */ = {
			isa = PBXGroup;
			children = (
				08B6D6361AB485E60094C09D /* WMCodeLibrary.app */,
				08B6D6521AB485E60094C09D /* WMCodeLibraryTests.xctest */,
			);
			name = Products;
			sourceTree = "<group>";
		};
		08B6D6381AB485E60094C09D /* WMCodeLibrary */ = {
			isa = PBXGroup;
			children = (
				086EB5E71AC1A45E00ECAAB7 /* Slider View */,
				08B6D6621AB485ED0094C09D /* Core Animation Study */,
				08B6D63D1AB485E60094C09D /* AppDelegate.h */,
				08B6D63E1AB485E60094C09D /* AppDelegate.m */,
				08B6D6631AB4862D0094C09D /* WMMainTableViewController.h */,
				08B6D6641AB4862D0094C09D /* WMMainTableViewController.m */,
				08B6D6731AB49AB00094C09D /* Main.storyboard */,
				08B6D6491AB485E60094C09D /* Images.xcassets */,
				08B6D64B1AB485E60094C09D /* LaunchScreen.xib */,
				08B6D6401AB485E60094C09D /* WMCodeLibrary.xcdatamodeld */,
				08B6D6391AB485E60094C09D /* Supporting Files */,
			);
			path = WMCodeLibrary;
			sourceTree = "<group>";
		};
		08B6D6391AB485E60094C09D /* Supporting Files */ = {
			isa = PBXGroup;
			children = (
				08B6D63A1AB485E60094C09D /* Info.plist */,
				08B6D63B1AB485E60094C09D /* main.m */,
			);
			name = "Supporting Files";
			sourceTree = "<group>";
		};
		08B6D6551AB485E60094C09D /* WMCodeLibraryTests */ = {
			isa = PBXGroup;
			children = (
				08B6D6581AB485E60094C09D /* WMCodeLibraryTests.m */,
				08B6D6561AB485E60094C09D /* Supporting Files */,
			);
			path = WMCodeLibraryTests;
			sourceTree = "<group>";
		};
		08B6D6561AB485E60094C09D /* Supporting Files */ = {
			isa = PBXGroup;
			children = (
				08B6D6571AB485E60094C09D /* Info.plist */,
			);
			name = "Supporting Files";
			sourceTree = "<group>";
		};
		08B6D6621AB485ED0094C09D /* Core Animation Study */ = {
			isa = PBXGroup;
			children = (
				08B6D6671AB48B290094C09D /* WMCoreAnimationStudyVC.h */,
				08B6D6681AB48B290094C09D /* WMCoreAnimationStudyVC.m */,
				08B6D6661AB48AFC0094C09D /* 自定义绘图 */,
			);
			name = "Core Animation Study";
			sourceTree = "<group>";
		};
		08B6D6661AB48AFC0094C09D /* 自定义绘图 */ = {
			isa = PBXGroup;
			children = (
				08B6D66A1AB48B560094C09D /* WMDrawLayerVC.h */,
				08B6D66B1AB48B560094C09D /* WMDrawLayerVC.m */,
				08B6D6701AB48BD60094C09D /* WMDrawLayerView.h */,
				08B6D6711AB48BD60094C09D /* WMDrawLayerView.m */,
				08B6D6761AB72F2F0094C09D /* WMCircleLayer.h */,
				08B6D6771AB72F2F0094C09D /* WMCircleLayer.m */,
			);
			name = "自定义绘图";
			sourceTree = "<group>";
		};
/* End PBXGroup section */

/* Begin PBXNativeTarget section */
		08B6D6351AB485E60094C09D /* WMCodeLibrary */ = {
			isa = PBXNativeTarget;
			buildConfigurationList = 08B6D65C1AB485E60094C09D /* Build configuration list for PBXNativeTarget "WMCodeLibrary" */;
			buildPhases = (
				08B6D6321AB485E60094C09D /* Sources */,
				08B6D6331AB485E60094C09D /* Frameworks */,
				08B6D6341AB485E60094C09D /* Resources */,
			);
			buildRules = (
			);
			dependencies = (
			);
			name = WMCodeLibrary;
			productName = WMCodeLibrary;
			productReference = 08B6D6361AB485E60094C09D /* WMCodeLibrary.app */;
			productType = "com.apple.product-type.application";
		};
		08B6D6511AB485E60094C09D /* WMCodeLibraryTests */ = {
			isa = PBXNativeTarget;
			buildConfigurationList = 08B6D65F1AB485E60094C09D /* Build configuration list for PBXNativeTarget "WMCodeLibraryTests" */;
			buildPhases = (
				08B6D64E1AB485E60094C09D /* Sources */,
				08B6D64F1AB485E60094C09D /* Frameworks */,
				08B6D6501AB485E60094C09D /* Resources */,
			);
			buildRules = (
			);
			dependencies = (
				08B6D6541AB485E60094C09D /* PBXTargetDependency */,
			);
			name = WMCodeLibraryTests;
			productName = WMCodeLibraryTests;
			productReference = 08B6D6521AB485E60094C09D /* WMCodeLibraryTests.xctest */;
			productType = "com.apple.product-type.bundle.unit-test";
		};
/* End PBXNativeTarget section */

/* Begin PBXProject section */
		08B6D62E1AB485E60094C09D /* Project object */ = {
			isa = PBXProject;
			attributes = {
				LastUpgradeCheck = 0610;
				ORGANIZATIONNAME = WM;
				TargetAttributes = {
					08B6D6351AB485E60094C09D = {
						CreatedOnToolsVersion = 6.1.1;
					};
					08B6D6511AB485E60094C09D = {
						CreatedOnToolsVersion = 6.1.1;
						TestTargetID = 08B6D6351AB485E60094C09D;
					};
				};
			};
			buildConfigurationList = 08B6D6311AB485E60094C09D /* Build configuration list for PBXProject "WMCodeLibrary" */;
			compatibilityVersion = "Xcode 3.2";
			developmentRegion = English;
			hasScannedForEncodings = 0;
			knownRegions = (
				en,
				Base,
			);
			mainGroup = 08B6D62D1AB485E60094C09D;
			productRefGroup = 08B6D6371AB485E60094C09D /* Products */;
			projectDirPath = "";
			projectRoot = "";
			targets = (
				08B6D6351AB485E60094C09D /* WMCodeLibrary */,
				08B6D6511AB485E60094C09D /* WMCodeLibraryTests */,
			);
		};
/* End PBXProject section */

/* Begin PBXResourcesBuildPhase section */
		08B6D6341AB485E60094C09D /* Resources */ = {
			isa = PBXResourcesBuildPhase;
			buildActionMask = 2147483647;
			files = (
				08B6D6751AB49AB00094C09D /* Main.storyboard in Resources */,
				08B6D64D1AB485E60094C09D /* LaunchScreen.xib in Resources */,
				08B6D64A1AB485E60094C09D /* Images.xcassets in Resources */,
			);
			runOnlyForDeploymentPostprocessing = 0;
		};
		08B6D6501AB485E60094C09D /* Resources */ = {
			isa = PBXResourcesBuildPhase;
			buildActionMask = 2147483647;
			files = (
			);
			runOnlyForDeploymentPostprocessing = 0;
		};
/* End PBXResourcesBuildPhase section */

/* Begin PBXSourcesBuildPhase section */
		08B6D6321AB485E60094C09D /* Sources */ = {
			isa = PBXSourcesBuildPhase;
			buildActionMask = 2147483647;
			files = (
				08B6D66C1AB48B560094C09D /* WMDrawLayerVC.m in Sources */,
				08B6D63F1AB485E60094C09D /* AppDelegate.m in Sources */,
				08B6D6421AB485E60094C09D /* WMCodeLibrary.xcdatamodeld in Sources */,
				086EB5EA1AC1A47D00ECAAB7 /* WMSliderViewController.m in Sources */,
				08B6D6651AB4862D0094C09D /* WMMainTableViewController.m in Sources */,
				08B6D6721AB48BD60094C09D /* WMDrawLayerView.m in Sources */,
				086EB5ED1AC1A71200ECAAB7 /* WMSTSliderView.m in Sources */,
				08B6D6781AB72F2F0094C09D /* WMCircleLayer.m in Sources */,
				08B6D63C1AB485E60094C09D /* main.m in Sources */,
				08B6D6691AB48B290094C09D /* WMCoreAnimationStudyVC.m in Sources */,
			);
			runOnlyForDeploymentPostprocessing = 0;
		};
		08B6D64E1AB485E60094C09D /* Sources */ = {
			isa = PBXSourcesBuildPhase;
			buildActionMask = 2147483647;
			files = (
				08B6D6591AB485E60094C09D /* WMCodeLibraryTests.m in Sources */,
			);
			runOnlyForDeploymentPostprocessing = 0;
		};
/* End PBXSourcesBuildPhase section */

/* Begin PBXTargetDependency section */
		08B6D6541AB485E60094C09D /* PBXTargetDependency */ = {
			isa = PBXTargetDependency;
			target = 08B6D6351AB485E60094C09D /* WMCodeLibrary */;
			targetProxy = 08B6D6531AB485E60094C09D /* PBXContainerItemProxy */;
		};
/* End PBXTargetDependency section */

/* Begin PBXVariantGroup section */
		08B6D64B1AB485E60094C09D /* LaunchScreen.xib */ = {
			isa = PBXVariantGroup;
			children = (
				08B6D64C1AB485E60094C09D /* Base */,
			);
			name = LaunchScreen.xib;
			sourceTree = "<group>";
		};
		08B6D6731AB49AB00094C09D /* Main.storyboard */ = {
			isa = PBXVariantGroup;
			children = (
				08B6D6741AB49AB00094C09D /* Base */,
			);
			name = Main.storyboard;
			sourceTree = "<group>";
		};
/* End PBXVariantGroup section */

/* Begin XCBuildConfiguration section */
		08B6D65A1AB485E60094C09D /* Debug */ = {
			isa = XCBuildConfiguration;
			buildSettings = {
				ALWAYS_SEARCH_USER_PATHS = NO;
				CLANG_CXX_LANGUAGE_STANDARD = "gnu++0x";
				CLANG_CXX_LIBRARY = "libc++";
				CLANG_ENABLE_MODULES = YES;
				CLANG_ENABLE_OBJC_ARC = YES;
				CLANG_WARN_BOOL_CONVERSION = YES;
				CLANG_WARN_CONSTANT_CONVERSION = YES;
				CLANG_WARN_DIRECT_OBJC_ISA_USAGE = YES_ERROR;
				CLANG_WARN_EMPTY_BODY = YES;
				CLANG_WARN_ENUM_CONVERSION = YES;
				CLANG_WARN_INT_CONVERSION = YES;
				CLANG_WARN_OBJC_ROOT_CLASS = YES_ERROR;
				CLANG_WARN_UNREACHABLE_CODE = YES;
				CLANG_WARN__DUPLICATE_METHOD_MATCH = YES;
				"CODE_SIGN_IDENTITY[sdk=iphoneos*]" = "iPhone Developer";
				COPY_PHASE_STRIP = NO;
				ENABLE_STRICT_OBJC_MSGSEND = YES;
				GCC_C_LANGUAGE_STANDARD = gnu99;
				GCC_DYNAMIC_NO_PIC = NO;
				GCC_OPTIMIZATION_LEVEL = 0;
				GCC_PREPROCESSOR_DEFINITIONS = (
					"DEBUG=1",
					"$(inherited)",
				);
				GCC_SYMBOLS_PRIVATE_EXTERN = NO;
				GCC_WARN_64_TO_32_BIT_CONVERSION = YES;
				GCC_WARN_ABOUT_RETURN_TYPE = YES_ERROR;
				GCC_WARN_UNDECLARED_SELECTOR = YES;
				GCC_WARN_UNINITIALIZED_AUTOS = YES_AGGRESSIVE;
				GCC_WARN_UNUSED_FUNCTION = YES;
				GCC_WARN_UNUSED_VARIABLE = YES;
				IPHONEOS_DEPLOYMENT_TARGET = 8.1;
				MTL_ENABLE_DEBUG_INFO = YES;
				ONLY_ACTIVE_ARCH = YES;
				SDKROOT = iphoneos;
				TARGETED_DEVICE_FAMILY = "1,2";
			};
			name = Debug;
		};
		08B6D65B1AB485E60094C09D /* Release */ = {
			isa = XCBuildConfiguration;
			buildSettings = {
				ALWAYS_SEARCH_USER_PATHS = NO;
				CLANG_CXX_LANGUAGE_STANDARD = "gnu++0x";
				CLANG_CXX_LIBRARY = "libc++";
				CLANG_ENABLE_MODULES = YES;
				CLANG_ENABLE_OBJC_ARC = YES;
				CLANG_WARN_BOOL_CONVERSION = YES;
				CLANG_WARN_CONSTANT_CONVERSION = YES;
				CLANG_WARN_DIRECT_OBJC_ISA_USAGE = YES_ERROR;
				CLANG_WARN_EMPTY_BODY = YES;
				CLANG_WARN_ENUM_CONVERSION = YES;
				CLANG_WARN_INT_CONVERSION = YES;
				CLANG_WARN_OBJC_ROOT_CLASS = YES_ERROR;
				CLANG_WARN_UNREACHABLE_CODE = YES;
				CLANG_WARN__DUPLICATE_METHOD_MATCH = YES;
				"CODE_SIGN_IDENTITY[sdk=iphoneos*]" = "iPhone Developer";
				COPY_PHASE_STRIP = YES;
				ENABLE_NS_ASSERTIONS = NO;
				ENABLE_STRICT_OBJC_MSGSEND = YES;
				GCC_C_LANGUAGE_STANDARD = gnu99;
				GCC_WARN_64_TO_32_BIT_CONVERSION = YES;
				GCC_WARN_ABOUT_RETURN_TYPE = YES_ERROR;
				GCC_WARN_UNDECLARED_SELECTOR = YES;
				GCC_WARN_UNINITIALIZED_AUTOS = YES_AGGRESSIVE;
				GCC_WARN_UNUSED_FUNCTION = YES;
				GCC_WARN_UNUSED_VARIABLE = YES;
				IPHONEOS_DEPLOYMENT_TARGET = 8.1;
				MTL_ENABLE_DEBUG_INFO = NO;
				SDKROOT = iphoneos;
				TARGETED_DEVICE_FAMILY = "1,2";
				VALIDATE_PRODUCT = YES;
			};
			name = Release;
		};
		08B6D65D1AB485E60094C09D /* Debug */ = {
			isa = XCBuildConfiguration;
			buildSettings = {
				ASSETCATALOG_COMPILER_APPICON_NAME = AppIcon;
				INFOPLIST_FILE = WMCodeLibrary/Info.plist;
				LD_RUNPATH_SEARCH_PATHS = "$(inherited) @executable_path/Frameworks";
				PRODUCT_NAME = "$(TARGET_NAME)";
			};
			name = Debug;
		};
		08B6D65E1AB485E60094C09D /* Release */ = {
			isa = XCBuildConfiguration;
			buildSettings = {
				ASSETCATALOG_COMPILER_APPICON_NAME = AppIcon;
				INFOPLIST_FILE = WMCodeLibrary/Info.plist;
				LD_RUNPATH_SEARCH_PATHS = "$(inherited) @executable_path/Frameworks";
				PRODUCT_NAME = "$(TARGET_NAME)";
			};
			name = Release;
		};
		08B6D6601AB485E60094C09D /* Debug */ = {
			isa = XCBuildConfiguration;
			buildSettings = {
				BUNDLE_LOADER = "$(TEST_HOST)";
				FRAMEWORK_SEARCH_PATHS = (
					"$(SDKROOT)/Developer/Library/Frameworks",
					"$(inherited)",
				);
				GCC_PREPROCESSOR_DEFINITIONS = (
					"DEBUG=1",
					"$(inherited)",
				);
				INFOPLIST_FILE = WMCodeLibraryTests/Info.plist;
				LD_RUNPATH_SEARCH_PATHS = "$(inherited) @executable_path/Frameworks @loader_path/Frameworks";
				PRODUCT_NAME = "$(TARGET_NAME)";
				TEST_HOST = "$(BUILT_PRODUCTS_DIR)/WMCodeLibrary.app/WMCodeLibrary";
			};
			name = Debug;
		};
		08B6D6611AB485E60094C09D /* Release */ = {
			isa = XCBuildConfiguration;
			buildSettings = {
				BUNDLE_LOADER = "$(TEST_HOST)";
				FRAMEWORK_SEARCH_PATHS = (
					"$(SDKROOT)/Developer/Library/Frameworks",
					"$(inherited)",
				);
				INFOPLIST_FILE = WMCodeLibraryTests/Info.plist;
				LD_RUNPATH_SEARCH_PATHS = "$(inherited) @executable_path/Frameworks @loader_path/Frameworks";
				PRODUCT_NAME = "$(TARGET_NAME)";
				TEST_HOST = "$(BUILT_PRODUCTS_DIR)/WMCodeLibrary.app/WMCodeLibrary";
			};
			name = Release;
		};
/* End XCBuildConfiguration section */

/* Begin XCConfigurationList section */
		08B6D6311AB485E60094C09D /* Build configuration list for PBXProject "WMCodeLibrary" */ = {
			isa = XCConfigurationList;
			buildConfigurations = (
				08B6D65A1AB485E60094C09D /* Debug */,
				08B6D65B1AB485E60094C09D /* Release */,
			);
			defaultConfigurationIsVisible = 0;
			defaultConfigurationName = Release;
		};
		08B6D65C1AB485E60094C09D /* Build configuration list for PBXNativeTarget "WMCodeLibrary" */ = {
			isa = XCConfigurationList;
			buildConfigurations = (
				08B6D65D1AB485E60094C09D /* Debug */,
				08B6D65E1AB485E60094C09D /* Release */,
			);
			defaultConfigurationIsVisible = 0;
			defaultConfigurationName = Release;
		};
		08B6D65F1AB485E60094C09D /* Build configuration list for PBXNativeTarget "WMCodeLibraryTests" */ = {
			isa = XCConfigurationList;
			buildConfigurations = (
				08B6D6601AB485E60094C09D /* Debug */,
				08B6D6611AB485E60094C09D /* Release */,
			);
			defaultConfigurationIsVisible = 0;
			defaultConfigurationName = Release;
		};
/* End XCConfigurationList section */

/* Begin XCVersionGroup section */
		08B6D6401AB485E60094C09D /* WMCodeLibrary.xcdatamodeld */ = {
			isa = XCVersionGroup;
			children = (
				08B6D6411AB485E60094C09D /* WMCodeLibrary.xcdatamodel */,
			);
			currentVersion = 08B6D6411AB485E60094C09D /* WMCodeLibrary.xcdatamodel */;
			path = WMCodeLibrary.xcdatamodeld;
			sourceTree = "<group>";
			versionGroupType = wrapper.xcdatamodel;
		};
/* End XCVersionGroup section */
	};
	rootObject = 08B6D62E1AB485E60094C09D /* Project object */;
}
